// !$*UTF8*$!
{
	archiveVersion = 1;
	classes = {
	};
	objectVersion = 46;
	objects = {

/* Begin PBXBuildFile section */
		7A008D0C1C228DB50049EDF2 /* main.m in Sources */ = {isa = PBXBuildFile; fileRef = 7A008D0B1C228DB50049EDF2 /* main.m */; };
		7A008D0F1C228DB50049EDF2 /* AppDelegate.m in Sources */ = {isa = PBXBuildFile; fileRef = 7A008D0E1C228DB50049EDF2 /* AppDelegate.m */; };
		7A008D111C228DB50049EDF2 /* Assets.xcassets in Resources */ = {isa = PBXBuildFile; fileRef = 7A008D101C228DB50049EDF2 /* Assets.xcassets */; };
		7A008D141C228DB50049EDF2 /* LaunchScreen.storyboard in Resources */ = {isa = PBXBuildFile; fileRef = 7A008D121C228DB50049EDF2 /* LaunchScreen.storyboard */; };
		7A008D1F1C228DB50049EDF2 /* ArchiveLianXiTests.m in Sources */ = {isa = PBXBuildFile; fileRef = 7A008D1E1C228DB50049EDF2 /* ArchiveLianXiTests.m */; };
		7A008D2A1C228DB50049EDF2 /* ArchiveLianXiUITests.m in Sources */ = {isa = PBXBuildFile; fileRef = 7A008D291C228DB50049EDF2 /* ArchiveLianXiUITests.m */; };
		7A008D391C228E0F0049EDF2 /* MangoViewController.m in Sources */ = {isa = PBXBuildFile; fileRef = 7A008D381C228E0F0049EDF2 /* MangoViewController.m */; };
		7A008D3C1C228E290049EDF2 /* People.m in Sources */ = {isa = PBXBuildFile; fileRef = 7A008D3B1C228E290049EDF2 /* People.m */; };
/* End PBXBuildFile section */

/* Begin PBXContainerItemProxy section */
		7A008D1B1C228DB50049EDF2 /* PBXContainerItemProxy */ = {
			isa = PBXContainerItemProxy;
			containerPortal = 7A008CFF1C228DB50049EDF2 /* Project object */;
			proxyType = 1;
			remoteGlobalIDString = 7A008D061C228DB50049EDF2;
			remoteInfo = ArchiveLianXi;
		};
		7A008D261C228DB50049EDF2 /* PBXContainerItemProxy */ = {
			isa = PBXContainerItemProxy;
			containerPortal = 7A008CFF1C228DB50049EDF2 /* Project object */;
			proxyType = 1;
			remoteGlobalIDString = 7A008D061C228DB50049EDF2;
			remoteInfo = ArchiveLianXi;
		};
/* End PBXContainerItemProxy section */

/* Begin PBXFileReference section */
		7A008D071C228DB50049EDF2 /* ArchiveLianXi.app */ = {isa = PBXFileReference; explicitFileType = wrapper.application; includeInIndex = 0; path = ArchiveLianXi.app; sourceTree = BUILT_PRODUCTS_DIR; };
		7A008D0B1C228DB50049EDF2 /* main.m */ = {isa = PBXFileReference; lastKnownFileType = sourcecode.c.objc; path = main.m; sourceTree = "<group>"; };
		7A008D0D1C228DB50049EDF2 /* AppDelegate.h */ = {isa = PBXFileReference; lastKnownFileType = sourcecode.c.h; path = AppDelegate.h; sourceTree = "<group>"; };
		7A008D0E1C228DB50049EDF2 /* AppDelegate.m */ = {isa = PBXFileReference; lastKnownFileType = sourcecode.c.objc; path = AppDelegate.m; sourceTree = "<group>"; };
		7A008D101C228DB50049EDF2 /* Assets.xcassets */ = {isa = PBXFileReference; lastKnownFileType = folder.assetcatalog; path = Assets.xcassets; sourceTree = "<group>"; };
		7A008D131C228DB50049EDF2 /* Base */ = {isa = PBXFileReference; lastKnownFileType = file.storyboard; name = Base; path = Base.lproj/LaunchScreen.storyboard; sourceTree = "<group>"; };
		7A008D151C228DB50049EDF2 /* Info.plist */ = {isa = PBXFileReference; lastKnownFileType = text.plist.xml; path = Info.plist; sourceTree = "<group>"; };
		7A008D1A1C228DB50049EDF2 /* ArchiveLianXiTests.xctest */ = {isa = PBXFileReference; explicitFileType = wrapper.cfbundle; includeInIndex = 0; path = ArchiveLianXiTests.xctest; sourceTree = BUILT_PRODUCTS_DIR; };
		7A008D1E1C228DB50049EDF2 /* ArchiveLianXiTests.m */ = {isa = PBXFileReference; lastKnownFileType = sourcecode.c.objc; path = ArchiveLianXiTests.m; sourceTree = "<group>"; };
		7A008D201C228DB50049EDF2 /* Info.plist */ = {isa = PBXFileReference; lastKnownFileType = text.plist.xml; path = Info.plist; sourceTree = "<group>"; };
		7A008D251C228DB50049EDF2 /* ArchiveLianXiUITests.xctest */ = {isa = PBXFileReference; explicitFileType = wrapper.cfbundle; includeInIndex = 0; path = ArchiveLianXiUITests.xctest; sourceTree = BUILT_PRODUCTS_DIR; };
		7A008D291C228DB50049EDF2 /* ArchiveLianXiUITests.m */ = {isa = PBXFileReference; lastKnownFileType = sourcecode.c.objc; path = ArchiveLianXiUITests.m; sourceTree = "<group>"; };
		7A008D2B1C228DB50049EDF2 /* Info.plist */ = {isa = PBXFileReference; lastKnownFileType = text.plist.xml; path = Info.plist; sourceTree = "<group>"; };
		7A008D371C228E0F0049EDF2 /* MangoViewController.h */ = {isa = PBXFileReference; fileEncoding = 4; lastKnownFileType = sourcecode.c.h; path = MangoViewController.h; sourceTree = "<group>"; };
		7A008D381C228E0F0049EDF2 /* MangoViewController.m */ = {isa = PBXFileReference; fileEncoding = 4; lastKnownFileType = sourcecode.c.objc; path = MangoViewController.m; sourceTree = "<group>"; };
		7A008D3A1C228E290049EDF2 /* People.h */ = {isa = PBXFileReference; fileEncoding = 4; lastKnownFileType = sourcecode.c.h; path = People.h; sourceTree = "<group>"; };
		7A008D3B1C228E290049EDF2 /* People.m */ = {isa = PBXFileReference; fileEncoding = 4; lastKnownFileType = sourcecode.c.objc; path = People.m; sourceTree = "<group>"; };
/* End PBXFileReference section */

/* Begin PBXFrameworksBuildPhase section */
		7A008D041C228DB50049EDF2 /* Frameworks */ = {
			isa = PBXFrameworksBuildPhase;
			buildActionMask = 2147483647;
			files = (
			);
			runOnlyForDeploymentPostprocessing = 0;
		};
		7A008D171C228DB50049EDF2 /* Frameworks */ = {
			isa = PBXFrameworksBuildPhase;
			buildActionMask = 2147483647;
			files = (
			);
			runOnlyForDeploymentPostprocessing = 0;
		};
		7A008D221C228DB50049EDF2 /* Frameworks */ = {
			isa = PBXFrameworksBuildPhase;
			buildActionMask = 2147483647;
			files = (
			);
			runOnlyForDeploymentPostprocessing = 0;
		};
/* End PBXFrameworksBuildPhase section */

/* Begin PBXGroup section */
		7A008CFE1C228DB50049EDF2 = {
			isa = PBXGroup;
			children = (
				7A008D091C228DB50049EDF2 /* ArchiveLianXi */,
				7A008D1D1C228DB50049EDF2 /* ArchiveLianXiTests */,
				7A008D281C228DB50049EDF2 /* ArchiveLianXiUITests */,
				7A008D081C228DB50049EDF2 /* Products */,
			);
			sourceTree = "<group>";
		};
		7A008D081C228DB50049EDF2 /* Products */ = {
			isa = PBXGroup;
			children = (
				7A008D071C228DB50049EDF2 /* ArchiveLianXi.app */,
				7A008D1A1C228DB50049EDF2 /* ArchiveLianXiTests.xctest */,
				7A008D251C228DB50049EDF2 /* ArchiveLianXiUITests.xctest */,
			);
			name = Products;
			sourceTree = "<group>";
		};
		7A008D091C228DB50049EDF2 /* ArchiveLianXi */ = {
			isa = PBXGroup;
			children = (
				7A008D0D1C228DB50049EDF2 /* AppDelegate.h */,
				7A008D0E1C228DB50049EDF2 /* AppDelegate.m */,
				7A008D3A1C228E290049EDF2 /* People.h */,
				7A008D3B1C228E290049EDF2 /* People.m */,
				7A008D371C228E0F0049EDF2 /* MangoViewController.h */,
				7A008D381C228E0F0049EDF2 /* MangoViewController.m */,
				7A008D101C228DB50049EDF2 /* Assets.xcassets */,
				7A008D121C228DB50049EDF2 /* LaunchScreen.storyboard */,
				7A008D151C228DB50049EDF2 /* Info.plist */,
				7A008D0A1C228DB50049EDF2 /* Supporting Files */,
			);
			path = ArchiveLianXi;
			sourceTree = "<group>";
		};
		7A008D0A1C228DB50049EDF2 /* Supporting Files */ = {
			isa = PBXGroup;
			children = (
				7A008D0B1C228DB50049EDF2 /* main.m */,
			);
			name = "Supporting Files";
			sourceTree = "<group>";
		};
		7A008D1D1C228DB50049EDF2 /* ArchiveLianXiTests */ = {
			isa = PBXGroup;
			children = (
				7A008D1E1C228DB50049EDF2 /* ArchiveLianXiTests.m */,
				7A008D201C228DB50049EDF2 /* Info.plist */,
			);
			path = ArchiveLianXiTests;
			sourceTree = "<group>";
		};
		7A008D281C228DB50049EDF2 /* ArchiveLianXiUITests */ = {
			isa = PBXGroup;
			children = (
				7A008D291C228DB50049EDF2 /* ArchiveLianXiUITests.m */,
				7A008D2B1C228DB50049EDF2 /* Info.plist */,
			);
			path = ArchiveLianXiUITests;
			sourceTree = "<group>";
		};
/* End PBXGroup section */

/* Begin PBXNativeTarget section */
		7A008D061C228DB50049EDF2 /* ArchiveLianXi */ = {
			isa = PBXNativeTarget;
			buildConfigurationList = 7A008D2E1C228DB50049EDF2 /* Build configuration list for PBXNativeTarget "ArchiveLianXi" */;
			buildPhases = (
				7A008D031C228DB50049EDF2 /* Sources */,
				7A008D041C228DB50049EDF2 /* Frameworks */,
				7A008D051C228DB50049EDF2 /* Resources */,
			);
			buildRules = (
			);
			dependencies = (
			);
			name = ArchiveLianXi;
			productName = ArchiveLianXi;
			productReference = 7A008D071C228DB50049EDF2 /* ArchiveLianXi.app */;
			productType = "com.apple.product-type.application";
		};
		7A008D191C228DB50049EDF2 /* ArchiveLianXiTests */ = {
			isa = PBXNativeTarget;
			buildConfigurationList = 7A008D311C228DB50049EDF2 /* Build configuration list for PBXNativeTarget "ArchiveLianXiTests" */;
			buildPhases = (
				7A008D161C228DB50049EDF2 /* Sources */,
				7A008D171C228DB50049EDF2 /* Frameworks */,
				7A008D181C228DB50049EDF2 /* Resources */,
			);
			buildRules = (
			);
			dependencies = (
				7A008D1C1C228DB50049EDF2 /* PBXTargetDependency */,
			);
			name = ArchiveLianXiTests;
			productName = ArchiveLianXiTests;
			productReference = 7A008D1A1C228DB50049EDF2 /* ArchiveLianXiTests.xctest */;
			productType = "com.apple.product-type.bundle.unit-test";
		};
		7A008D241C228DB50049EDF2 /* ArchiveLianXiUITests */ = {
			isa = PBXNativeTarget;
			buildConfigurationList = 7A008D341C228DB50049EDF2 /* Build configuration list for PBXNativeTarget "ArchiveLianXiUITests" */;
			buildPhases = (
				7A008D211C228DB50049EDF2 /* Sources */,
				7A008D221C228DB50049EDF2 /* Frameworks */,
				7A008D231C228DB50049EDF2 /* Resources */,
			);
			buildRules = (
			);
			dependencies = (
				7A008D271C228DB50049EDF2 /* PBXTargetDependency */,
			);
			name = ArchiveLianXiUITests;
			productName = ArchiveLianXiUITests;
			productReference = 7A008D251C228DB50049EDF2 /* ArchiveLianXiUITests.xctest */;
			productType = "com.apple.product-type.bundle.ui-testing";
		};
/* End PBXNativeTarget section */

/* Begin PBXProject section */
		7A008CFF1C228DB50049EDF2 /* Project object */ = {
			isa = PBXProject;
			attributes = {
				LastUpgradeCheck = 0720;
				ORGANIZATIONNAME = scjy;
				TargetAttributes = {
					7A008D061C228DB50049EDF2 = {
						CreatedOnToolsVersion = 7.2;
					};
					7A008D191C228DB50049EDF2 = {
						CreatedOnToolsVersion = 7.2;
						TestTargetID = 7A008D061C228DB50049EDF2;
					};
					7A008D241C228DB50049EDF2 = {
						CreatedOnToolsVersion = 7.2;
						TestTargetID = 7A008D061C228DB50049EDF2;
					};
				};
			};
			buildConfigurationList = 7A008D021C228DB50049EDF2 /* Build configuration list for PBXProject "ArchiveLianXi" */;
			compatibilityVersion = "Xcode 3.2";
			developmentRegion = English;
			hasScannedForEncodings = 0;
			knownRegions = (
				en,
				Base,
			);
			mainGroup = 7A008CFE1C228DB50049EDF2;
			productRefGroup = 7A008D081C228DB50049EDF2 /* Products */;
			projectDirPath = "";
			projectRoot = "";
			targets = (
				7A008D061C228DB50049EDF2 /* ArchiveLianXi */,
				7A008D191C228DB50049EDF2 /* ArchiveLianXiTests */,
				7A008D241C228DB50049EDF2 /* ArchiveLianXiUITests */,
			);
		};
/* End PBXProject section */

/* Begin PBXResourcesBuildPhase section */
		7A008D051C228DB50049EDF2 /* Resources */ = {
			isa = PBXResourcesBuildPhase;
			buildActionMask = 2147483647;
			files = (
				7A008D111C228DB50049EDF2 /* Assets.xcassets in Resources */,
				7A008D141C228DB50049EDF2 /* LaunchScreen.storyboard in Resources */,
			);
			runOnlyForDeploymentPostprocessing = 0;
		};
		7A008D181C228DB50049EDF2 /* Resources */ = {
			isa = PBXResourcesBuildPhase;
			buildActionMask = 2147483647;
			files = (
			);
			runOnlyForDeploymentPostprocessing = 0;
		};
		7A008D231C228DB50049EDF2 /* Resources */ = {
			isa = PBXResourcesBuildPhase;
			buildActionMask = 2147483647;
			files = (
			);
			runOnlyForDeploymentPostprocessing = 0;
		};
/* End PBXResourcesBuildPhase section */

/* Begin PBXSourcesBuildPhase section */
		7A008D031C228DB50049EDF2 /* Sources */ = {
			isa = PBXSourcesBuildPhase;
			buildActionMask = 2147483647;
			files = (
				7A008D3C1C228E290049EDF2 /* People.m in Sources */,
				7A008D391C228E0F0049EDF2 /* MangoViewController.m in Sources */,
				7A008D0F1C228DB50049EDF2 /* AppDelegate.m in Sources */,
				7A008D0C1C228DB50049EDF2 /* main.m in Sources */,
			);
			runOnlyForDeploymentPostprocessing = 0;
		};
		7A008D161C228DB50049EDF2 /* Sources */ = {
			isa = PBXSourcesBuildPhase;
			buildActionMask = 2147483647;
			files = (
				7A008D1F1C228DB50049EDF2 /* ArchiveLianXiTests.m in Sources */,
			);
			runOnlyForDeploymentPostprocessing = 0;
		};
		7A008D211C228DB50049EDF2 /* Sources */ = {
			isa = PBXSourcesBuildPhase;
			buildActionMask = 2147483647;
			files = (
				7A008D2A1C228DB50049EDF2 /* ArchiveLianXiUITests.m in Sources */,
			);
			runOnlyForDeploymentPostprocessing = 0;
		};
/* End PBXSourcesBuildPhase section */

/* Begin PBXTargetDependency section */
		7A008D1C1C228DB50049EDF2 /* PBXTargetDependency */ = {
			isa = PBXTargetDependency;
			target = 7A008D061C228DB50049EDF2 /* ArchiveLianXi */;
			targetProxy = 7A008D1B1C228DB50049EDF2 /* PBXContainerItemProxy */;
		};
		7A008D271C228DB50049EDF2 /* PBXTargetDependency */ = {
			isa = PBXTargetDependency;
			target = 7A008D061C228DB50049EDF2 /* ArchiveLianXi */;
			targetProxy = 7A008D261C228DB50049EDF2 /* PBXContainerItemProxy */;
		};
/* End PBXTargetDependency section */

/* Begin PBXVariantGroup section */
		7A008D121C228DB50049EDF2 /* LaunchScreen.storyboard */ = {
			isa = PBXVariantGroup;
			children = (
				7A008D131C228DB50049EDF2 /* Base */,
			);
			name = LaunchScreen.storyboard;
			sourceTree = "<group>";
		};
/* End PBXVariantGroup section */

/* Begin XCBuildConfiguration section */
		7A008D2C1C228DB50049EDF2 /* Debug */ = {
			isa = XCBuildConfiguration;
			buildSettings = {
				ALWAYS_SEARCH_USER_PATHS = NO;
				CLANG_CXX_LANGUAGE_STANDARD = "gnu++0x";
				CLANG_CXX_LIBRARY = "libc++";
				CLANG_ENABLE_MODULES = YES;
				CLANG_ENABLE_OBJC_ARC = YES;
				CLANG_WARN_BOOL_CONVERSION = YES;
				CLANG_WARN_CONSTANT_CONVERSION = YES;
				CLANG_WARN_DIRECT_OBJC_ISA_USAGE = YES_ERROR;
				CLANG_WARN_EMPTY_BODY = YES;
				CLANG_WARN_ENUM_CONVERSION = YES;
				CLANG_WARN_INT_CONVERSION = YES;
				CLANG_WARN_OBJC_ROOT_CLASS = YES_ERROR;
				CLANG_WARN_UNREACHABLE_CODE = YES;
				CLANG_WARN__DUPLICATE_METHOD_MATCH = YES;
				"CODE_SIGN_IDENTITY[sdk=iphoneos*]" = "iPhone Developer";
				COPY_PHASE_STRIP = NO;
				DEBUG_INFORMATION_FORMAT = dwarf;
				ENABLE_STRICT_OBJC_MSGSEND = YES;
				ENABLE_TESTABILITY = YES;
				GCC_C_LANGUAGE_STANDARD = gnu99;
				GCC_DYNAMIC_NO_PIC = NO;
				GCC_NO_COMMON_BLOCKS = YES;
				GCC_OPTIMIZATION_LEVEL = 0;
				GCC_PREPROCESSOR_DEFINITIONS = (
					"DEBUG=1",
					"$(inherited)",
				);
				GCC_WARN_64_TO_32_BIT_CONVERSION = YES;
				GCC_WARN_ABOUT_RETURN_TYPE = YES_ERROR;
				GCC_WARN_UNDECLARED_SELECTOR = YES;
				GCC_WARN_UNINITIALIZED_AUTOS = YES_AGGRESSIVE;
				GCC_WARN_UNUSED_FUNCTION = YES;
				GCC_WARN_UNUSED_VARIABLE = YES;
				IPHONEOS_DEPLOYMENT_TARGET = 9.2;
				MTL_ENABLE_DEBUG_INFO = YES;
				ONLY_ACTIVE_ARCH = YES;
				SDKROOT = iphoneos;
			};
			name = Debug;
		};
		7A008D2D1C228DB50049EDF2 /* Release */ = {
			isa = XCBuildConfiguration;
			buildSettings = {
				ALWAYS_SEARCH_USER_PATHS = NO;
				CLANG_CXX_LANGUAGE_STANDARD = "gnu++0x";
				CLANG_CXX_LIBRARY = "libc++";
				CLANG_ENABLE_MODULES = YES;
				CLANG_ENABLE_OBJC_ARC = YES;
				CLANG_WARN_BOOL_CONVERSION = YES;
				CLANG_WARN_CONSTANT_CONVERSION = YES;
				CLANG_WARN_DIRECT_OBJC_ISA_USAGE = YES_ERROR;
				CLANG_WARN_EMPTY_BODY = YES;
				CLANG_WARN_ENUM_CONVERSION = YES;
				CLANG_WARN_INT_CONVERSION = YES;
				CLANG_WARN_OBJC_ROOT_CLASS = YES_ERROR;
				CLANG_WARN_UNREACHABLE_CODE = YES;
				CLANG_WARN__DUPLICATE_METHOD_MATCH = YES;
				"CODE_SIGN_IDENTITY[sdk=iphoneos*]" = "iPhone Developer";
				COPY_PHASE_STRIP = NO;
				DEBUG_INFORMATION_FORMAT = "dwarf-with-dsym";
				ENABLE_NS_ASSERTIONS = NO;
				ENABLE_STRICT_OBJC_MSGSEND = YES;
				GCC_C_LANGUAGE_STANDARD = gnu99;
				GCC_NO_COMMON_BLOCKS = YES;
				GCC_WARN_64_TO_32_BIT_CONVERSION = YES;
				GCC_WARN_ABOUT_RETURN_TYPE = YES_ERROR;
				GCC_WARN_UNDECLARED_SELECTOR = YES;
				GCC_WARN_UNINITIALIZED_AUTOS = YES_AGGRESSIVE;
				GCC_WARN_UNUSED_FUNCTION = YES;
				GCC_WARN_UNUSED_VARIABLE = YES;
				IPHONEOS_DEPLOYMENT_TARGET = 9.2;
				MTL_ENABLE_DEBUG_INFO = NO;
				SDKROOT = iphoneos;
				VALIDATE_PRODUCT = YES;
			};
			name = Release;
		};
		7A008D2F1C228DB50049EDF2 /* Debug */ = {
			isa = XCBuildConfiguration;
			buildSettings = {
				ASSETCATALOG_COMPILER_APPICON_NAME = AppIcon;
				CLANG_ENABLE_OBJC_ARC = NO;
				INFOPLIST_FILE = ArchiveLianXi/Info.plist;
				LD_RUNPATH_SEARCH_PATHS = "$(inherited) @executable_path/Frameworks";
				PRODUCT_BUNDLE_IDENTIFIER = iOS.huI.ArchiveLianXi;
				PRODUCT_NAME = "$(TARGET_NAME)";
			};
			name = Debug;
		};
		7A008D301C228DB50049EDF2 /* Release */ = {
			isa = XCBuildConfiguration;
			buildSettings = {
				ASSETCATALOG_COMPILER_APPICON_NAME = AppIcon;
				CLANG_ENABLE_OBJC_ARC = NO;
				INFOPLIST_FILE = ArchiveLianXi/Info.plist;
				LD_RUNPATH_SEARCH_PATHS = "$(inherited) @executable_path/Frameworks";
				PRODUCT_BUNDLE_IDENTIFIER = iOS.huI.ArchiveLianXi;
				PRODUCT_NAME = "$(TARGET_NAME)";
			};
			name = Release;
		};
		7A008D321C228DB50049EDF2 /* Debug */ = {
			isa = XCBuildConfiguration;
			buildSettings = {
				BUNDLE_LOADER = "$(TEST_HOST)";
				INFOPLIST_FILE = ArchiveLianXiTests/Info.plist;
				LD_RUNPATH_SEARCH_PATHS = "$(inherited) @executable_path/Frameworks @loader_path/Frameworks";
				PRODUCT_BUNDLE_IDENTIFIER = iOS.huI.ArchiveLianXiTests;
				PRODUCT_NAME = "$(TARGET_NAME)";
				TEST_HOST = "$(BUILT_PRODUCTS_DIR)/ArchiveLianXi.app/ArchiveLianXi";
			};
			name = Debug;
		};
		7A008D331C228DB50049EDF2 /* Release */ = {
			isa = XCBuildConfiguration;
			buildSettings = {
				BUNDLE_LOADER = "$(TEST_HOST)";
				INFOPLIST_FILE = ArchiveLianXiTests/Info.plist;
				LD_RUNPATH_SEARCH_PATHS = "$(inherited) @executable_path/Frameworks @loader_path/Frameworks";
				PRODUCT_BUNDLE_IDENTIFIER = iOS.huI.ArchiveLianXiTests;
				PRODUCT_NAME = "$(TARGET_NAME)";
				TEST_HOST = "$(BUILT_PRODUCTS_DIR)/ArchiveLianXi.app/ArchiveLianXi";
			};
			name = Release;
		};
		7A008D351C228DB50049EDF2 /* Debug */ = {
			isa = XCBuildConfiguration;
			buildSettings = {
				INFOPLIST_FILE = ArchiveLianXiUITests/Info.plist;
				LD_RUNPATH_SEARCH_PATHS = "$(inherited) @executable_path/Frameworks @loader_path/Frameworks";
				PRODUCT_BUNDLE_IDENTIFIER = iOS.huI.ArchiveLianXiUITests;
				PRODUCT_NAME = "$(TARGET_NAME)";
				TEST_TARGET_NAME = ArchiveLianXi;
				USES_XCTRUNNER = YES;
			};
			name = Debug;
		};
		7A008D361C228DB50049EDF2 /* Release */ = {
			isa = XCBuildConfiguration;
			buildSettings = {
				INFOPLIST_FILE = ArchiveLianXiUITests/Info.plist;
				LD_RUNPATH_SEARCH_PATHS = "$(inherited) @executable_path/Frameworks @loader_path/Frameworks";
				PRODUCT_BUNDLE_IDENTIFIER = iOS.huI.ArchiveLianXiUITests;
				PRODUCT_NAME = "$(TARGET_NAME)";
				TEST_TARGET_NAME = ArchiveLianXi;
				USES_XCTRUNNER = YES;
			};
			name = Release;
		};
/* End XCBuildConfiguration section */

/* Begin XCConfigurationList section */
		7A008D021C228DB50049EDF2 /* Build configuration list for PBXProject "ArchiveLianXi" */ = {
			isa = XCConfigurationList;
			buildConfigurations = (
				7A008D2C1C228DB50049EDF2 /* Debug */,
				7A008D2D1C228DB50049EDF2 /* Release */,
			);
			defaultConfigurationIsVisible = 0;
			defaultConfigurationName = Release;
		};
		7A008D2E1C228DB50049EDF2 /* Build configuration list for PBXNativeTarget "ArchiveLianXi" */ = {
			isa = XCConfigurationList;
			buildConfigurations = (
				7A008D2F1C228DB50049EDF2 /* Debug */,
				7A008D301C228DB50049EDF2 /* Release */,
			);
			defaultConfigurationIsVisible = 0;
		};
		7A008D311C228DB50049EDF2 /* Build configuration list for PBXNativeTarget "ArchiveLianXiTests" */ = {
			isa = XCConfigurationList;
			buildConfigurations = (
				7A008D321C228DB50049EDF2 /* Debug */,
				7A008D331C228DB50049EDF2 /* Release */,
			);
			defaultConfigurationIsVisible = 0;
		};
		7A008D341C228DB50049EDF2 /* Build configuration list for PBXNativeTarget "ArchiveLianXiUITests" */ = {
			isa = XCConfigurationList;
			buildConfigurations = (
				7A008D351C228DB50049EDF2 /* Debug */,
				7A008D361C228DB50049EDF2 /* Release */,
			);
			defaultConfigurationIsVisible = 0;
		};
/* End XCConfigurationList section */
	};
	rootObject = 7A008CFF1C228DB50049EDF2 /* Project object */;
}
