// !$*UTF8*$!
{
	archiveVersion = 1;
	classes = {
	};
	objectVersion = 46;
	objects = {

/* Begin PBXBuildFile section */
		7AC544501C05E2D200026C10 /* main.m in Sources */ = {isa = PBXBuildFile; fileRef = 7AC5444F1C05E2D200026C10 /* main.m */; };
		7AC544531C05E2D300026C10 /* AppDelegate.m in Sources */ = {isa = PBXBuildFile; fileRef = 7AC544521C05E2D300026C10 /* AppDelegate.m */; };
		7AC544551C05E2D300026C10 /* Images.xcassets in Resources */ = {isa = PBXBuildFile; fileRef = 7AC544541C05E2D300026C10 /* Images.xcassets */; };
		7AC544581C05E2D300026C10 /* LaunchScreen.xib in Resources */ = {isa = PBXBuildFile; fileRef = 7AC544561C05E2D300026C10 /* LaunchScreen.xib */; };
		7AC544641C05E2D300026C10 /* Home6UISlideTests.m in Sources */ = {isa = PBXBuildFile; fileRef = 7AC544631C05E2D300026C10 /* Home6UISlideTests.m */; };
		7AC5446F1C05E2F700026C10 /* MainViewController.m in Sources */ = {isa = PBXBuildFile; fileRef = 7AC5446E1C05E2F700026C10 /* MainViewController.m */; };
		7AC544721C05E3B400026C10 /* UISliderView.m in Sources */ = {isa = PBXBuildFile; fileRef = 7AC544711C05E3B400026C10 /* UISliderView.m */; };
/* End PBXBuildFile section */

/* Begin PBXContainerItemProxy section */
		7AC5445E1C05E2D300026C10 /* PBXContainerItemProxy */ = {
			isa = PBXContainerItemProxy;
			containerPortal = 7AC544421C05E2D100026C10 /* Project object */;
			proxyType = 1;
			remoteGlobalIDString = 7AC544491C05E2D100026C10;
			remoteInfo = Home6UISlide;
		};
/* End PBXContainerItemProxy section */

/* Begin PBXFileReference section */
		7AC5444A1C05E2D100026C10 /* Home6UISlide.app */ = {isa = PBXFileReference; explicitFileType = wrapper.application; includeInIndex = 0; path = Home6UISlide.app; sourceTree = BUILT_PRODUCTS_DIR; };
		7AC5444E1C05E2D200026C10 /* Info.plist */ = {isa = PBXFileReference; lastKnownFileType = text.plist.xml; path = Info.plist; sourceTree = "<group>"; };
		7AC5444F1C05E2D200026C10 /* main.m */ = {isa = PBXFileReference; lastKnownFileType = sourcecode.c.objc; path = main.m; sourceTree = "<group>"; };
		7AC544511C05E2D200026C10 /* AppDelegate.h */ = {isa = PBXFileReference; lastKnownFileType = sourcecode.c.h; path = AppDelegate.h; sourceTree = "<group>"; };
		7AC544521C05E2D300026C10 /* AppDelegate.m */ = {isa = PBXFileReference; lastKnownFileType = sourcecode.c.objc; path = AppDelegate.m; sourceTree = "<group>"; };
		7AC544541C05E2D300026C10 /* Images.xcassets */ = {isa = PBXFileReference; lastKnownFileType = folder.assetcatalog; path = Images.xcassets; sourceTree = "<group>"; };
		7AC544571C05E2D300026C10 /* Base */ = {isa = PBXFileReference; lastKnownFileType = file.xib; name = Base; path = Base.lproj/LaunchScreen.xib; sourceTree = "<group>"; };
		7AC5445D1C05E2D300026C10 /* Home6UISlideTests.xctest */ = {isa = PBXFileReference; explicitFileType = wrapper.cfbundle; includeInIndex = 0; path = Home6UISlideTests.xctest; sourceTree = BUILT_PRODUCTS_DIR; };
		7AC544621C05E2D300026C10 /* Info.plist */ = {isa = PBXFileReference; lastKnownFileType = text.plist.xml; path = Info.plist; sourceTree = "<group>"; };
		7AC544631C05E2D300026C10 /* Home6UISlideTests.m */ = {isa = PBXFileReference; lastKnownFileType = sourcecode.c.objc; path = Home6UISlideTests.m; sourceTree = "<group>"; };
		7AC5446D1C05E2F700026C10 /* MainViewController.h */ = {isa = PBXFileReference; fileEncoding = 4; lastKnownFileType = sourcecode.c.h; path = MainViewController.h; sourceTree = "<group>"; };
		7AC5446E1C05E2F700026C10 /* MainViewController.m */ = {isa = PBXFileReference; fileEncoding = 4; lastKnownFileType = sourcecode.c.objc; path = MainViewController.m; sourceTree = "<group>"; };
		7AC544701C05E3B400026C10 /* UISliderView.h */ = {isa = PBXFileReference; fileEncoding = 4; lastKnownFileType = sourcecode.c.h; path = UISliderView.h; sourceTree = "<group>"; };
		7AC544711C05E3B400026C10 /* UISliderView.m */ = {isa = PBXFileReference; fileEncoding = 4; lastKnownFileType = sourcecode.c.objc; path = UISliderView.m; sourceTree = "<group>"; };
/* End PBXFileReference section */

/* Begin PBXFrameworksBuildPhase section */
		7AC544471C05E2D100026C10 /* Frameworks */ = {
			isa = PBXFrameworksBuildPhase;
			buildActionMask = 2147483647;
			files = (
			);
			runOnlyForDeploymentPostprocessing = 0;
		};
		7AC5445A1C05E2D300026C10 /* Frameworks */ = {
			isa = PBXFrameworksBuildPhase;
			buildActionMask = 2147483647;
			files = (
			);
			runOnlyForDeploymentPostprocessing = 0;
		};
/* End PBXFrameworksBuildPhase section */

/* Begin PBXGroup section */
		7AC544411C05E2D100026C10 = {
			isa = PBXGroup;
			children = (
				7AC5444C1C05E2D100026C10 /* Home6UISlide */,
				7AC544601C05E2D300026C10 /* Home6UISlideTests */,
				7AC5444B1C05E2D100026C10 /* Products */,
			);
			sourceTree = "<group>";
		};
		7AC5444B1C05E2D100026C10 /* Products */ = {
			isa = PBXGroup;
			children = (
				7AC5444A1C05E2D100026C10 /* Home6UISlide.app */,
				7AC5445D1C05E2D300026C10 /* Home6UISlideTests.xctest */,
			);
			name = Products;
			sourceTree = "<group>";
		};
		7AC5444C1C05E2D100026C10 /* Home6UISlide */ = {
			isa = PBXGroup;
			children = (
				7AC544511C05E2D200026C10 /* AppDelegate.h */,
				7AC544521C05E2D300026C10 /* AppDelegate.m */,
				7AC544701C05E3B400026C10 /* UISliderView.h */,
				7AC544711C05E3B400026C10 /* UISliderView.m */,
				7AC5446D1C05E2F700026C10 /* MainViewController.h */,
				7AC5446E1C05E2F700026C10 /* MainViewController.m */,
				7AC544541C05E2D300026C10 /* Images.xcassets */,
				7AC544561C05E2D300026C10 /* LaunchScreen.xib */,
				7AC5444D1C05E2D200026C10 /* Supporting Files */,
			);
			path = Home6UISlide;
			sourceTree = "<group>";
		};
		7AC5444D1C05E2D200026C10 /* Supporting Files */ = {
			isa = PBXGroup;
			children = (
				7AC5444E1C05E2D200026C10 /* Info.plist */,
				7AC5444F1C05E2D200026C10 /* main.m */,
			);
			name = "Supporting Files";
			sourceTree = "<group>";
		};
		7AC544601C05E2D300026C10 /* Home6UISlideTests */ = {
			isa = PBXGroup;
			children = (
				7AC544631C05E2D300026C10 /* Home6UISlideTests.m */,
				7AC544611C05E2D300026C10 /* Supporting Files */,
			);
			path = Home6UISlideTests;
			sourceTree = "<group>";
		};
		7AC544611C05E2D300026C10 /* Supporting Files */ = {
			isa = PBXGroup;
			children = (
				7AC544621C05E2D300026C10 /* Info.plist */,
			);
			name = "Supporting Files";
			sourceTree = "<group>";
		};
/* End PBXGroup section */

/* Begin PBXNativeTarget section */
		7AC544491C05E2D100026C10 /* Home6UISlide */ = {
			isa = PBXNativeTarget;
			buildConfigurationList = 7AC544671C05E2D300026C10 /* Build configuration list for PBXNativeTarget "Home6UISlide" */;
			buildPhases = (
				7AC544461C05E2D100026C10 /* Sources */,
				7AC544471C05E2D100026C10 /* Frameworks */,
				7AC544481C05E2D100026C10 /* Resources */,
			);
			buildRules = (
			);
			dependencies = (
			);
			name = Home6UISlide;
			productName = Home6UISlide;
			productReference = 7AC5444A1C05E2D100026C10 /* Home6UISlide.app */;
			productType = "com.apple.product-type.application";
		};
		7AC5445C1C05E2D300026C10 /* Home6UISlideTests */ = {
			isa = PBXNativeTarget;
			buildConfigurationList = 7AC5446A1C05E2D300026C10 /* Build configuration list for PBXNativeTarget "Home6UISlideTests" */;
			buildPhases = (
				7AC544591C05E2D300026C10 /* Sources */,
				7AC5445A1C05E2D300026C10 /* Frameworks */,
				7AC5445B1C05E2D300026C10 /* Resources */,
			);
			buildRules = (
			);
			dependencies = (
				7AC5445F1C05E2D300026C10 /* PBXTargetDependency */,
			);
			name = Home6UISlideTests;
			productName = Home6UISlideTests;
			productReference = 7AC5445D1C05E2D300026C10 /* Home6UISlideTests.xctest */;
			productType = "com.apple.product-type.bundle.unit-test";
		};
/* End PBXNativeTarget section */

/* Begin PBXProject section */
		7AC544421C05E2D100026C10 /* Project object */ = {
			isa = PBXProject;
			attributes = {
				LastUpgradeCheck = 0610;
				ORGANIZATIONNAME = "芒果iOS";
				TargetAttributes = {
					7AC544491C05E2D100026C10 = {
						CreatedOnToolsVersion = 6.1;
					};
					7AC5445C1C05E2D300026C10 = {
						CreatedOnToolsVersion = 6.1;
						TestTargetID = 7AC544491C05E2D100026C10;
					};
				};
			};
			buildConfigurationList = 7AC544451C05E2D100026C10 /* Build configuration list for PBXProject "Home6UISlide" */;
			compatibilityVersion = "Xcode 3.2";
			developmentRegion = English;
			hasScannedForEncodings = 0;
			knownRegions = (
				en,
				Base,
			);
			mainGroup = 7AC544411C05E2D100026C10;
			productRefGroup = 7AC5444B1C05E2D100026C10 /* Products */;
			projectDirPath = "";
			projectRoot = "";
			targets = (
				7AC544491C05E2D100026C10 /* Home6UISlide */,
				7AC5445C1C05E2D300026C10 /* Home6UISlideTests */,
			);
		};
/* End PBXProject section */

/* Begin PBXResourcesBuildPhase section */
		7AC544481C05E2D100026C10 /* Resources */ = {
			isa = PBXResourcesBuildPhase;
			buildActionMask = 2147483647;
			files = (
				7AC544581C05E2D300026C10 /* LaunchScreen.xib in Resources */,
				7AC544551C05E2D300026C10 /* Images.xcassets in Resources */,
			);
			runOnlyForDeploymentPostprocessing = 0;
		};
		7AC5445B1C05E2D300026C10 /* Resources */ = {
			isa = PBXResourcesBuildPhase;
			buildActionMask = 2147483647;
			files = (
			);
			runOnlyForDeploymentPostprocessing = 0;
		};
/* End PBXResourcesBuildPhase section */

/* Begin PBXSourcesBuildPhase section */
		7AC544461C05E2D100026C10 /* Sources */ = {
			isa = PBXSourcesBuildPhase;
			buildActionMask = 2147483647;
			files = (
				7AC544531C05E2D300026C10 /* AppDelegate.m in Sources */,
				7AC544721C05E3B400026C10 /* UISliderView.m in Sources */,
				7AC5446F1C05E2F700026C10 /* MainViewController.m in Sources */,
				7AC544501C05E2D200026C10 /* main.m in Sources */,
			);
			runOnlyForDeploymentPostprocessing = 0;
		};
		7AC544591C05E2D300026C10 /* Sources */ = {
			isa = PBXSourcesBuildPhase;
			buildActionMask = 2147483647;
			files = (
				7AC544641C05E2D300026C10 /* Home6UISlideTests.m in Sources */,
			);
			runOnlyForDeploymentPostprocessing = 0;
		};
/* End PBXSourcesBuildPhase section */

/* Begin PBXTargetDependency section */
		7AC5445F1C05E2D300026C10 /* PBXTargetDependency */ = {
			isa = PBXTargetDependency;
			target = 7AC544491C05E2D100026C10 /* Home6UISlide */;
			targetProxy = 7AC5445E1C05E2D300026C10 /* PBXContainerItemProxy */;
		};
/* End PBXTargetDependency section */

/* Begin PBXVariantGroup section */
		7AC544561C05E2D300026C10 /* LaunchScreen.xib */ = {
			isa = PBXVariantGroup;
			children = (
				7AC544571C05E2D300026C10 /* Base */,
			);
			name = LaunchScreen.xib;
			sourceTree = "<group>";
		};
/* End PBXVariantGroup section */

/* Begin XCBuildConfiguration section */
		7AC544651C05E2D300026C10 /* Debug */ = {
			isa = XCBuildConfiguration;
			buildSettings = {
				ALWAYS_SEARCH_USER_PATHS = NO;
				CLANG_CXX_LANGUAGE_STANDARD = "gnu++0x";
				CLANG_CXX_LIBRARY = "libc++";
				CLANG_ENABLE_MODULES = YES;
				CLANG_ENABLE_OBJC_ARC = YES;
				CLANG_WARN_BOOL_CONVERSION = YES;
				CLANG_WARN_CONSTANT_CONVERSION = YES;
				CLANG_WARN_DIRECT_OBJC_ISA_USAGE = YES_ERROR;
				CLANG_WARN_EMPTY_BODY = YES;
				CLANG_WARN_ENUM_CONVERSION = YES;
				CLANG_WARN_INT_CONVERSION = YES;
				CLANG_WARN_OBJC_ROOT_CLASS = YES_ERROR;
				CLANG_WARN_UNREACHABLE_CODE = YES;
				CLANG_WARN__DUPLICATE_METHOD_MATCH = YES;
				"CODE_SIGN_IDENTITY[sdk=iphoneos*]" = "iPhone Developer";
				COPY_PHASE_STRIP = NO;
				ENABLE_STRICT_OBJC_MSGSEND = YES;
				GCC_C_LANGUAGE_STANDARD = gnu99;
				GCC_DYNAMIC_NO_PIC = NO;
				GCC_OPTIMIZATION_LEVEL = 0;
				GCC_PREPROCESSOR_DEFINITIONS = (
					"DEBUG=1",
					"$(inherited)",
				);
				GCC_SYMBOLS_PRIVATE_EXTERN = NO;
				GCC_WARN_64_TO_32_BIT_CONVERSION = YES;
				GCC_WARN_ABOUT_RETURN_TYPE = YES_ERROR;
				GCC_WARN_UNDECLARED_SELECTOR = YES;
				GCC_WARN_UNINITIALIZED_AUTOS = YES_AGGRESSIVE;
				GCC_WARN_UNUSED_FUNCTION = YES;
				GCC_WARN_UNUSED_VARIABLE = YES;
				IPHONEOS_DEPLOYMENT_TARGET = 8.1;
				MTL_ENABLE_DEBUG_INFO = YES;
				ONLY_ACTIVE_ARCH = YES;
				SDKROOT = iphoneos;
			};
			name = Debug;
		};
		7AC544661C05E2D300026C10 /* Release */ = {
			isa = XCBuildConfiguration;
			buildSettings = {
				ALWAYS_SEARCH_USER_PATHS = NO;
				CLANG_CXX_LANGUAGE_STANDARD = "gnu++0x";
				CLANG_CXX_LIBRARY = "libc++";
				CLANG_ENABLE_MODULES = YES;
				CLANG_ENABLE_OBJC_ARC = YES;
				CLANG_WARN_BOOL_CONVERSION = YES;
				CLANG_WARN_CONSTANT_CONVERSION = YES;
				CLANG_WARN_DIRECT_OBJC_ISA_USAGE = YES_ERROR;
				CLANG_WARN_EMPTY_BODY = YES;
				CLANG_WARN_ENUM_CONVERSION = YES;
				CLANG_WARN_INT_CONVERSION = YES;
				CLANG_WARN_OBJC_ROOT_CLASS = YES_ERROR;
				CLANG_WARN_UNREACHABLE_CODE = YES;
				CLANG_WARN__DUPLICATE_METHOD_MATCH = YES;
				"CODE_SIGN_IDENTITY[sdk=iphoneos*]" = "iPhone Developer";
				COPY_PHASE_STRIP = YES;
				ENABLE_NS_ASSERTIONS = NO;
				ENABLE_STRICT_OBJC_MSGSEND = YES;
				GCC_C_LANGUAGE_STANDARD = gnu99;
				GCC_WARN_64_TO_32_BIT_CONVERSION = YES;
				GCC_WARN_ABOUT_RETURN_TYPE = YES_ERROR;
				GCC_WARN_UNDECLARED_SELECTOR = YES;
				GCC_WARN_UNINITIALIZED_AUTOS = YES_AGGRESSIVE;
				GCC_WARN_UNUSED_FUNCTION = YES;
				GCC_WARN_UNUSED_VARIABLE = YES;
				IPHONEOS_DEPLOYMENT_TARGET = 8.1;
				MTL_ENABLE_DEBUG_INFO = NO;
				SDKROOT = iphoneos;
				VALIDATE_PRODUCT = YES;
			};
			name = Release;
		};
		7AC544681C05E2D300026C10 /* Debug */ = {
			isa = XCBuildConfiguration;
			buildSettings = {
				ASSETCATALOG_COMPILER_APPICON_NAME = AppIcon;
				CLANG_ENABLE_OBJC_ARC = NO;
				INFOPLIST_FILE = Home6UISlide/Info.plist;
				LD_RUNPATH_SEARCH_PATHS = "$(inherited) @executable_path/Frameworks";
				PRODUCT_NAME = "$(TARGET_NAME)";
			};
			name = Debug;
		};
		7AC544691C05E2D300026C10 /* Release */ = {
			isa = XCBuildConfiguration;
			buildSettings = {
				ASSETCATALOG_COMPILER_APPICON_NAME = AppIcon;
				CLANG_ENABLE_OBJC_ARC = NO;
				INFOPLIST_FILE = Home6UISlide/Info.plist;
				LD_RUNPATH_SEARCH_PATHS = "$(inherited) @executable_path/Frameworks";
				PRODUCT_NAME = "$(TARGET_NAME)";
			};
			name = Release;
		};
		7AC5446B1C05E2D300026C10 /* Debug */ = {
			isa = XCBuildConfiguration;
			buildSettings = {
				BUNDLE_LOADER = "$(TEST_HOST)";
				FRAMEWORK_SEARCH_PATHS = (
					"$(SDKROOT)/Developer/Library/Frameworks",
					"$(inherited)",
				);
				GCC_PREPROCESSOR_DEFINITIONS = (
					"DEBUG=1",
					"$(inherited)",
				);
				INFOPLIST_FILE = Home6UISlideTests/Info.plist;
				LD_RUNPATH_SEARCH_PATHS = "$(inherited) @executable_path/Frameworks @loader_path/Frameworks";
				PRODUCT_NAME = "$(TARGET_NAME)";
				TEST_HOST = "$(BUILT_PRODUCTS_DIR)/Home6UISlide.app/Home6UISlide";
			};
			name = Debug;
		};
		7AC5446C1C05E2D300026C10 /* Release */ = {
			isa = XCBuildConfiguration;
			buildSettings = {
				BUNDLE_LOADER = "$(TEST_HOST)";
				FRAMEWORK_SEARCH_PATHS = (
					"$(SDKROOT)/Developer/Library/Frameworks",
					"$(inherited)",
				);
				INFOPLIST_FILE = Home6UISlideTests/Info.plist;
				LD_RUNPATH_SEARCH_PATHS = "$(inherited) @executable_path/Frameworks @loader_path/Frameworks";
				PRODUCT_NAME = "$(TARGET_NAME)";
				TEST_HOST = "$(BUILT_PRODUCTS_DIR)/Home6UISlide.app/Home6UISlide";
			};
			name = Release;
		};
/* End XCBuildConfiguration section */

/* Begin XCConfigurationList section */
		7AC544451C05E2D100026C10 /* Build configuration list for PBXProject "Home6UISlide" */ = {
			isa = XCConfigurationList;
			buildConfigurations = (
				7AC544651C05E2D300026C10 /* Debug */,
				7AC544661C05E2D300026C10 /* Release */,
			);
			defaultConfigurationIsVisible = 0;
			defaultConfigurationName = Release;
		};
		7AC544671C05E2D300026C10 /* Build configuration list for PBXNativeTarget "Home6UISlide" */ = {
			isa = XCConfigurationList;
			buildConfigurations = (
				7AC544681C05E2D300026C10 /* Debug */,
				7AC544691C05E2D300026C10 /* Release */,
			);
			defaultConfigurationIsVisible = 0;
		};
		7AC5446A1C05E2D300026C10 /* Build configuration list for PBXNativeTarget "Home6UISlideTests" */ = {
			isa = XCConfigurationList;
			buildConfigurations = (
				7AC5446B1C05E2D300026C10 /* Debug */,
				7AC5446C1C05E2D300026C10 /* Release */,
			);
			defaultConfigurationIsVisible = 0;
		};
/* End XCConfigurationList section */
	};
	rootObject = 7AC544421C05E2D100026C10 /* Project object */;
}
